
Microsoft Visual Studio Solution File, Format Version 12.00
# Visual Studio Version 17
VisualStudioVersion = 17.3.32901.215
MinimumVisualStudioVersion = 10.0.40219.1
Project("{9A19103F-16F7-4668-BE54-9A1E7A4F7556}") = "PureVsImpureFunction", "PureVsImpureFunction\PureVsImpureFunction.csproj", "{7F3BBF5F-A2D9-418D-87CF-2883C105CE0D}"
EndProject
Project("{FAE04EC0-301F-11D3-BF4B-00C04F79EFBC}") = "FunctionalProgramming", "FunctionalProgramming\FunctionalProgramming.csproj", "{B19EBD73-10AD-4B45-AA03-2AB402366732}"
EndProject
Global
	GlobalSection(SolutionConfigurationPlatforms) = preSolution
		Debug|Any CPU = Debug|Any CPU
		Release|Any CPU = Release|Any CPU
	EndGlobalSection
	GlobalSection(ProjectConfigurationPlatforms) = postSolution
		{7F3BBF5F-A2D9-418D-87CF-2883C105CE0D}.Debug|Any CPU.ActiveCfg = Debug|Any CPU
		{7F3BBF5F-A2D9-418D-87CF-2883C105CE0D}.Debug|Any CPU.Build.0 = Debug|Any CPU
		{7F3BBF5F-A2D9-418D-87CF-2883C105CE0D}.Release|Any CPU.ActiveCfg = Release|Any CPU
		{7F3BBF5F-A2D9-418D-87CF-2883C105CE0D}.Release|Any CPU.Build.0 = Release|Any CPU
		{B19EBD73-10AD-4B45-AA03-2AB402366732}.Debug|Any CPU.ActiveCfg = Debug|Any CPU
		{B19EBD73-10AD-4B45-AA03-2AB402366732}.Debug|Any CPU.Build.0 = Debug|Any CPU
		{B19EBD73-10AD-4B45-AA03-2AB402366732}.Release|Any CPU.ActiveCfg = Release|Any CPU
		{B19EBD73-10AD-4B45-AA03-2AB402366732}.Release|Any CPU.Build.0 = Release|Any CPU
	EndGlobalSection
	GlobalSection(SolutionProperties) = preSolution
		HideSolutionNode = FALSE
	EndGlobalSection
	GlobalSection(ExtensibilityGlobals) = postSolution
		SolutionGuid = {A39BB639-93D5-4CE5-88DE-6E3E09DC0840}
	EndGlobalSection
EndGlobal
