
Microsoft Visual Studio Solution File, Format Version 12.00
# Visual Studio Version 17
VisualStudioVersion = 17.3.32901.215
MinimumVisualStudioVersion = 10.0.40219.1
Project("{9A19103F-16F7-4668-BE54-9A1E7A4F7556}") = "PureVsImpureFunction", "PureVsImpureFunction\PureVsImpureFunction.csproj", "{7F3BBF5F-A2D9-418D-87CF-2883C105CE0D}"
EndProject
Project("{9A19103F-16F7-4668-BE54-9A1E7A4F7556}") = "FunctionalProgramming", "FunctionalProgramming\FunctionalProgramming.csproj", "{B19EBD73-10AD-4B45-AA03-2AB402366732}"
EndProject
Project("{9A19103F-16F7-4668-BE54-9A1E7A4F7556}") = "DataRepository", "DataRepository\DataRepository.csproj", "{4AA678F8-2EDA-4A55-986C-9D335438A772}"
EndProject
Project("{9A19103F-16F7-4668-BE54-9A1E7A4F7556}") = "LinqCore", "LinqCore\LinqCore.csproj", "{E477204B-D5EA-4EB7-B897-439582E1D834}"
EndProject
Project("{9A19103F-16F7-4668-BE54-9A1E7A4F7556}") = "ProjectionOperation", "ProjectionOperation\ProjectionOperation.csproj", "{05A07EC7-6216-4588-BC87-3D5595EB1073}"
EndProject
Project("{9A19103F-16F7-4668-BE54-9A1E7A4F7556}") = "DataSorting", "DataSorting\DataSorting.csproj", "{1841C17F-60B3-4B93-8DC9-DD639B267411}"
EndProject
Project("{9A19103F-16F7-4668-BE54-9A1E7A4F7556}") = "Quantifiers", "Quantifiers\Quantifiers.csproj", "{997AD502-60ED-4865-8E46-0A1D0DF8370C}"
EndProject
Project("{FAE04EC0-301F-11D3-BF4B-00C04F79EFBC}") = "GroupingData", "GroupingData\GroupingData.csproj", "{79E8B350-1C25-401E-8749-CA1849F2A60F}"
EndProject
Global
	GlobalSection(SolutionConfigurationPlatforms) = preSolution
		Debug|Any CPU = Debug|Any CPU
		Release|Any CPU = Release|Any CPU
	EndGlobalSection
	GlobalSection(ProjectConfigurationPlatforms) = postSolution
		{7F3BBF5F-A2D9-418D-87CF-2883C105CE0D}.Debug|Any CPU.ActiveCfg = Debug|Any CPU
		{7F3BBF5F-A2D9-418D-87CF-2883C105CE0D}.Debug|Any CPU.Build.0 = Debug|Any CPU
		{7F3BBF5F-A2D9-418D-87CF-2883C105CE0D}.Release|Any CPU.ActiveCfg = Release|Any CPU
		{7F3BBF5F-A2D9-418D-87CF-2883C105CE0D}.Release|Any CPU.Build.0 = Release|Any CPU
		{B19EBD73-10AD-4B45-AA03-2AB402366732}.Debug|Any CPU.ActiveCfg = Debug|Any CPU
		{B19EBD73-10AD-4B45-AA03-2AB402366732}.Debug|Any CPU.Build.0 = Debug|Any CPU
		{B19EBD73-10AD-4B45-AA03-2AB402366732}.Release|Any CPU.ActiveCfg = Release|Any CPU
		{B19EBD73-10AD-4B45-AA03-2AB402366732}.Release|Any CPU.Build.0 = Release|Any CPU
		{4AA678F8-2EDA-4A55-986C-9D335438A772}.Debug|Any CPU.ActiveCfg = Debug|Any CPU
		{4AA678F8-2EDA-4A55-986C-9D335438A772}.Debug|Any CPU.Build.0 = Debug|Any CPU
		{4AA678F8-2EDA-4A55-986C-9D335438A772}.Release|Any CPU.ActiveCfg = Release|Any CPU
		{4AA678F8-2EDA-4A55-986C-9D335438A772}.Release|Any CPU.Build.0 = Release|Any CPU
		{E477204B-D5EA-4EB7-B897-439582E1D834}.Debug|Any CPU.ActiveCfg = Debug|Any CPU
		{E477204B-D5EA-4EB7-B897-439582E1D834}.Debug|Any CPU.Build.0 = Debug|Any CPU
		{E477204B-D5EA-4EB7-B897-439582E1D834}.Release|Any CPU.ActiveCfg = Release|Any CPU
		{E477204B-D5EA-4EB7-B897-439582E1D834}.Release|Any CPU.Build.0 = Release|Any CPU
		{05A07EC7-6216-4588-BC87-3D5595EB1073}.Debug|Any CPU.ActiveCfg = Debug|Any CPU
		{05A07EC7-6216-4588-BC87-3D5595EB1073}.Debug|Any CPU.Build.0 = Debug|Any CPU
		{05A07EC7-6216-4588-BC87-3D5595EB1073}.Release|Any CPU.ActiveCfg = Release|Any CPU
		{05A07EC7-6216-4588-BC87-3D5595EB1073}.Release|Any CPU.Build.0 = Release|Any CPU
		{1841C17F-60B3-4B93-8DC9-DD639B267411}.Debug|Any CPU.ActiveCfg = Debug|Any CPU
		{1841C17F-60B3-4B93-8DC9-DD639B267411}.Debug|Any CPU.Build.0 = Debug|Any CPU
		{1841C17F-60B3-4B93-8DC9-DD639B267411}.Release|Any CPU.ActiveCfg = Release|Any CPU
		{1841C17F-60B3-4B93-8DC9-DD639B267411}.Release|Any CPU.Build.0 = Release|Any CPU
		{997AD502-60ED-4865-8E46-0A1D0DF8370C}.Debug|Any CPU.ActiveCfg = Debug|Any CPU
		{997AD502-60ED-4865-8E46-0A1D0DF8370C}.Debug|Any CPU.Build.0 = Debug|Any CPU
		{997AD502-60ED-4865-8E46-0A1D0DF8370C}.Release|Any CPU.ActiveCfg = Release|Any CPU
		{997AD502-60ED-4865-8E46-0A1D0DF8370C}.Release|Any CPU.Build.0 = Release|Any CPU
		{79E8B350-1C25-401E-8749-CA1849F2A60F}.Debug|Any CPU.ActiveCfg = Debug|Any CPU
		{79E8B350-1C25-401E-8749-CA1849F2A60F}.Debug|Any CPU.Build.0 = Debug|Any CPU
		{79E8B350-1C25-401E-8749-CA1849F2A60F}.Release|Any CPU.ActiveCfg = Release|Any CPU
		{79E8B350-1C25-401E-8749-CA1849F2A60F}.Release|Any CPU.Build.0 = Release|Any CPU
	EndGlobalSection
	GlobalSection(SolutionProperties) = preSolution
		HideSolutionNode = FALSE
	EndGlobalSection
	GlobalSection(ExtensibilityGlobals) = postSolution
		SolutionGuid = {A39BB639-93D5-4CE5-88DE-6E3E09DC0840}
	EndGlobalSection
EndGlobal
